Microsoft Visual Studio Solution File, Format Version 12.00
# Visual Studio Version 17
VisualStudioVersion = 17.5.2.0
MinimumVisualStudioVersion = 10.0.40219.1
Project("{FAE04EC0-301F-11D3-BF4B-00C04F79EFBC}") = "Yrki.IoT.WurthMetisII", "Yrki.IoT.WurthMetisII.csproj", "{C120B99E-B662-96C6-9840-88455805E525}"
EndProject
Global
	GlobalSection(SolutionConfigurationPlatforms) = preSolution
		Debug|Any CPU = Debug|Any CPU
		Release|Any CPU = Release|Any CPU
	EndGlobalSection
	GlobalSection(ProjectConfigurationPlatforms) = postSolution
		{C120B99E-B662-96C6-9840-88455805E525}.Debug|Any CPU.ActiveCfg = Debug|Any CPU
		{C120B99E-B662-96C6-9840-88455805E525}.Debug|Any CPU.Build.0 = Debug|Any CPU
		{C120B99E-B662-96C6-9840-88455805E525}.Release|Any CPU.ActiveCfg = Release|Any CPU
		{C120B99E-B662-96C6-9840-88455805E525}.Release|Any CPU.Build.0 = Release|Any CPU
	EndGlobalSection
	GlobalSection(SolutionProperties) = preSolution
		HideSolutionNode = FALSE
	EndGlobalSection
	GlobalSection(ExtensibilityGlobals) = postSolution
		SolutionGuid = {DFD450EC-2B72-48B6-AB96-8F411ADB9D54}
	EndGlobalSection
EndGlobal
